// !$*UTF8*$!
{
	archiveVersion = 1;
	classes = {
	};
	objectVersion = 50;
	objects = {

/* Begin PBXBuildFile section */
		9BA9B2B7237B89CB004EB07E /* AppDelegate.swift in Sources */ = {isa = PBXBuildFile; fileRef = 9BA9B2B6237B89CB004EB07E /* AppDelegate.swift */; };
		9BA9B2B9237B89CB004EB07E /* SceneDelegate.swift in Sources */ = {isa = PBXBuildFile; fileRef = 9BA9B2B8237B89CB004EB07E /* SceneDelegate.swift */; };
		9BA9B2BB237B89CB004EB07E /* ViewController.swift in Sources */ = {isa = PBXBuildFile; fileRef = 9BA9B2BA237B89CB004EB07E /* ViewController.swift */; };
		9BA9B2BE237B89CB004EB07E /* Main.storyboard in Resources */ = {isa = PBXBuildFile; fileRef = 9BA9B2BC237B89CB004EB07E /* Main.storyboard */; };
		9BA9B2C0237B89CC004EB07E /* Assets.xcassets in Resources */ = {isa = PBXBuildFile; fileRef = 9BA9B2BF237B89CC004EB07E /* Assets.xcassets */; };
		9BA9B2C3237B89CC004EB07E /* LaunchScreen.storyboard in Resources */ = {isa = PBXBuildFile; fileRef = 9BA9B2C1237B89CC004EB07E /* LaunchScreen.storyboard */; };
		9BA9B2CB237B8BA3004EB07E /* StudentsListTableViewController.swift in Sources */ = {isa = PBXBuildFile; fileRef = 9BA9B2CA237B8BA3004EB07E /* StudentsListTableViewController.swift */; };
		9BA9B2CD237B8BC3004EB07E /* StudentModel.swift in Sources */ = {isa = PBXBuildFile; fileRef = 9BA9B2CC237B8BC3004EB07E /* StudentModel.swift */; };
		9BA9B2CF237B8C4C004EB07E /* AddStudents.swift in Sources */ = {isa = PBXBuildFile; fileRef = 9BA9B2CE237B8C4C004EB07E /* AddStudents.swift */; };
/* End PBXBuildFile section */

/* Begin PBXFileReference section */
		9BA9B2B3237B89CB004EB07E /* Harmanpreet_C0765590_gpaApp.app */ = {isa = PBXFileReference; explicitFileType = wrapper.application; includeInIndex = 0; path = Harmanpreet_C0765590_gpaApp.app; sourceTree = BUILT_PRODUCTS_DIR; };
		9BA9B2B6237B89CB004EB07E /* AppDelegate.swift */ = {isa = PBXFileReference; lastKnownFileType = sourcecode.swift; path = AppDelegate.swift; sourceTree = "<group>"; };
		9BA9B2B8237B89CB004EB07E /* SceneDelegate.swift */ = {isa = PBXFileReference; lastKnownFileType = sourcecode.swift; path = SceneDelegate.swift; sourceTree = "<group>"; };
		9BA9B2BA237B89CB004EB07E /* ViewController.swift */ = {isa = PBXFileReference; lastKnownFileType = sourcecode.swift; path = ViewController.swift; sourceTree = "<group>"; };
		9BA9B2BD237B89CB004EB07E /* Base */ = {isa = PBXFileReference; lastKnownFileType = file.storyboard; name = Base; path = Base.lproj/Main.storyboard; sourceTree = "<group>"; };
		9BA9B2BF237B89CC004EB07E /* Assets.xcassets */ = {isa = PBXFileReference; lastKnownFileType = folder.assetcatalog; path = Assets.xcassets; sourceTree = "<group>"; };
		9BA9B2C2237B89CC004EB07E /* Base */ = {isa = PBXFileReference; lastKnownFileType = file.storyboard; name = Base; path = Base.lproj/LaunchScreen.storyboard; sourceTree = "<group>"; };
		9BA9B2C4237B89CC004EB07E /* Info.plist */ = {isa = PBXFileReference; lastKnownFileType = text.plist.xml; path = Info.plist; sourceTree = "<group>"; };
		9BA9B2CA237B8BA3004EB07E /* StudentsListTableViewController.swift */ = {isa = PBXFileReference; lastKnownFileType = sourcecode.swift; path = StudentsListTableViewController.swift; sourceTree = "<group>"; };
		9BA9B2CC237B8BC3004EB07E /* StudentModel.swift */ = {isa = PBXFileReference; lastKnownFileType = sourcecode.swift; path = StudentModel.swift; sourceTree = "<group>"; };
		9BA9B2CE237B8C4C004EB07E /* AddStudents.swift */ = {isa = PBXFileReference; lastKnownFileType = sourcecode.swift; path = AddStudents.swift; sourceTree = "<group>"; };
/* End PBXFileReference section */

/* Begin PBXFrameworksBuildPhase section */
		9BA9B2B0237B89CB004EB07E /* Frameworks */ = {
			isa = PBXFrameworksBuildPhase;
			buildActionMask = 2147483647;
			files = (
			);
			runOnlyForDeploymentPostprocessing = 0;
		};
/* End PBXFrameworksBuildPhase section */

/* Begin PBXGroup section */
		9BA9B2AA237B89CB004EB07E = {
			isa = PBXGroup;
			children = (
				9BA9B2B5237B89CB004EB07E /* Harmanpreet_C0765590_gpaApp */,
				9BA9B2B4237B89CB004EB07E /* Products */,
			);
			sourceTree = "<group>";
		};
		9BA9B2B4237B89CB004EB07E /* Products */ = {
			isa = PBXGroup;
			children = (
				9BA9B2B3237B89CB004EB07E /* Harmanpreet_C0765590_gpaApp.app */,
			);
			name = Products;
			sourceTree = "<group>";
		};
		9BA9B2B5237B89CB004EB07E /* Harmanpreet_C0765590_gpaApp */ = {
			isa = PBXGroup;
			children = (
				9BA9B2B6237B89CB004EB07E /* AppDelegate.swift */,
				9BA9B2B8237B89CB004EB07E /* SceneDelegate.swift */,
				9BA9B2BA237B89CB004EB07E /* ViewController.swift */,
				9BA9B2BC237B89CB004EB07E /* Main.storyboard */,
				9BA9B2BF237B89CC004EB07E /* Assets.xcassets */,
				9BA9B2C1237B89CC004EB07E /* LaunchScreen.storyboard */,
				9BA9B2C4237B89CC004EB07E /* Info.plist */,
				9BA9B2CA237B8BA3004EB07E /* StudentsListTableViewController.swift */,
				9BA9B2CC237B8BC3004EB07E /* StudentModel.swift */,
				9BA9B2CE237B8C4C004EB07E /* AddStudents.swift */,
			);
			path = Harmanpreet_C0765590_gpaApp;
			sourceTree = "<group>";
		};
/* End PBXGroup section */

/* Begin PBXNativeTarget section */
		9BA9B2B2237B89CB004EB07E /* Harmanpreet_C0765590_gpaApp */ = {
			isa = PBXNativeTarget;
			buildConfigurationList = 9BA9B2C7237B89CC004EB07E /* Build configuration list for PBXNativeTarget "Harmanpreet_C0765590_gpaApp" */;
			buildPhases = (
				9BA9B2AF237B89CB004EB07E /* Sources */,
				9BA9B2B0237B89CB004EB07E /* Frameworks */,
				9BA9B2B1237B89CB004EB07E /* Resources */,
			);
			buildRules = (
			);
			dependencies = (
			);
			name = Harmanpreet_C0765590_gpaApp;
			productName = Harmanpreet_C0765590_gpaApp;
			productReference = 9BA9B2B3237B89CB004EB07E /* Harmanpreet_C0765590_gpaApp.app */;
			productType = "com.apple.product-type.application";
		};
/* End PBXNativeTarget section */

/* Begin PBXProject section */
		9BA9B2AB237B89CB004EB07E /* Project object */ = {
			isa = PBXProject;
			attributes = {
				LastSwiftUpdateCheck = 1120;
				LastUpgradeCheck = 1120;
				ORGANIZATIONNAME = MacStudent;
				TargetAttributes = {
					9BA9B2B2237B89CB004EB07E = {
						CreatedOnToolsVersion = 11.2;
					};
				};
			};
			buildConfigurationList = 9BA9B2AE237B89CB004EB07E /* Build configuration list for PBXProject "Harmanpreet_C0765590_gpaApp" */;
			compatibilityVersion = "Xcode 9.3";
			developmentRegion = en;
			hasScannedForEncodings = 0;
			knownRegions = (
				en,
				Base,
			);
			mainGroup = 9BA9B2AA237B89CB004EB07E;
			productRefGroup = 9BA9B2B4237B89CB004EB07E /* Products */;
			projectDirPath = "";
			projectRoot = "";
			targets = (
				9BA9B2B2237B89CB004EB07E /* Harmanpreet_C0765590_gpaApp */,
			);
		};
/* End PBXProject section */

/* Begin PBXResourcesBuildPhase section */
		9BA9B2B1237B89CB004EB07E /* Resources */ = {
			isa = PBXResourcesBuildPhase;
			buildActionMask = 2147483647;
			files = (
				9BA9B2C3237B89CC004EB07E /* LaunchScreen.storyboard in Resources */,
				9BA9B2C0237B89CC004EB07E /* Assets.xcassets in Resources */,
				9BA9B2BE237B89CB004EB07E /* Main.storyboard in Resources */,
			);
			runOnlyForDeploymentPostprocessing = 0;
		};
/* End PBXResourcesBuildPhase section */

/* Begin PBXSourcesBuildPhase section */
		9BA9B2AF237B89CB004EB07E /* Sources */ = {
			isa = PBXSourcesBuildPhase;
			buildActionMask = 2147483647;
			files = (
				9BA9B2BB237B89CB004EB07E /* ViewController.swift in Sources */,
				9BA9B2CB237B8BA3004EB07E /* StudentsListTableViewController.swift in Sources */,
				9BA9B2B7237B89CB004EB07E /* AppDelegate.swift in Sources */,
				9BA9B2CD237B8BC3004EB07E /* StudentModel.swift in Sources */,
				9BA9B2B9237B89CB004EB07E /* SceneDelegate.swift in Sources */,
				9BA9B2CF237B8C4C004EB07E /* AddStudents.swift in Sources */,
			);
			runOnlyForDeploymentPostprocessing = 0;
		};
/* End PBXSourcesBuildPhase section */

/* Begin PBXVariantGroup section */
		9BA9B2BC237B89CB004EB07E /* Main.storyboard */ = {
			isa = PBXVariantGroup;
			children = (
				9BA9B2BD237B89CB004EB07E /* Base */,
			);
			name = Main.storyboard;
			sourceTree = "<group>";
		};
		9BA9B2C1237B89CC004EB07E /* LaunchScreen.storyboard */ = {
			isa = PBXVariantGroup;
			children = (
				9BA9B2C2237B89CC004EB07E /* Base */,
			);
			name = LaunchScreen.storyboard;
			sourceTree = "<group>";
		};
/* End PBXVariantGroup section */

/* Begin XCBuildConfiguration section */
		9BA9B2C5237B89CC004EB07E /* Debug */ = {
			isa = XCBuildConfiguration;
			buildSettings = {
				ALWAYS_SEARCH_USER_PATHS = NO;
				CLANG_ANALYZER_NONNULL = YES;
				CLANG_ANALYZER_NUMBER_OBJECT_CONVERSION = YES_AGGRESSIVE;
				CLANG_CXX_LANGUAGE_STANDARD = "gnu++14";
				CLANG_CXX_LIBRARY = "libc++";
				CLANG_ENABLE_MODULES = YES;
				CLANG_ENABLE_OBJC_ARC = YES;
				CLANG_ENABLE_OBJC_WEAK = YES;
				CLANG_WARN_BLOCK_CAPTURE_AUTORELEASING = YES;
				CLANG_WARN_BOOL_CONVERSION = YES;
				CLANG_WARN_COMMA = YES;
				CLANG_WARN_CONSTANT_CONVERSION = YES;
				CLANG_WARN_DEPRECATED_OBJC_IMPLEMENTATIONS = YES;
				CLANG_WARN_DIRECT_OBJC_ISA_USAGE = YES_ERROR;
				CLANG_WARN_DOCUMENTATION_COMMENTS = YES;
				CLANG_WARN_EMPTY_BODY = YES;
				CLANG_WARN_ENUM_CONVERSION = YES;
				CLANG_WARN_INFINITE_RECURSION = YES;
				CLANG_WARN_INT_CONVERSION = YES;
				CLANG_WARN_NON_LITERAL_NULL_CONVERSION = YES;
				CLANG_WARN_OBJC_IMPLICIT_RETAIN_SELF = YES;
				CLANG_WARN_OBJC_LITERAL_CONVERSION = YES;
				CLANG_WARN_OBJC_ROOT_CLASS = YES_ERROR;
				CLANG_WARN_RANGE_LOOP_ANALYSIS = YES;
				CLANG_WARN_STRICT_PROTOTYPES = YES;
				CLANG_WARN_SUSPICIOUS_MOVE = YES;
				CLANG_WARN_UNGUARDED_AVAILABILITY = YES_AGGRESSIVE;
				CLANG_WARN_UNREACHABLE_CODE = YES;
				CLANG_WARN__DUPLICATE_METHOD_MATCH = YES;
				COPY_PHASE_STRIP = NO;
				DEBUG_INFORMATION_FORMAT = dwarf;
				ENABLE_STRICT_OBJC_MSGSEND = YES;
				ENABLE_TESTABILITY = YES;
				GCC_C_LANGUAGE_STANDARD = gnu11;
				GCC_DYNAMIC_NO_PIC = NO;
				GCC_NO_COMMON_BLOCKS = YES;
				GCC_OPTIMIZATION_LEVEL = 0;
				GCC_PREPROCESSOR_DEFINITIONS = (
					"DEBUG=1",
					"$(inherited)",
				);
				GCC_WARN_64_TO_32_BIT_CONVERSION = YES;
				GCC_WARN_ABOUT_RETURN_TYPE = YES_ERROR;
				GCC_WARN_UNDECLARED_SELECTOR = YES;
				GCC_WARN_UNINITIALIZED_AUTOS = YES_AGGRESSIVE;
				GCC_WARN_UNUSED_FUNCTION = YES;
				GCC_WARN_UNUSED_VARIABLE = YES;
				IPHONEOS_DEPLOYMENT_TARGET = 13.2;
				MTL_ENABLE_DEBUG_INFO = INCLUDE_SOURCE;
				MTL_FAST_MATH = YES;
				ONLY_ACTIVE_ARCH = YES;
				SDKROOT = iphoneos;
				SWIFT_ACTIVE_COMPILATION_CONDITIONS = DEBUG;
				SWIFT_OPTIMIZATION_LEVEL = "-Onone";
			};
			name = Debug;
		};
		9BA9B2C6237B89CC004EB07E /* Release */ = {
			isa = XCBuildConfiguration;
			buildSettings = {
				ALWAYS_SEARCH_USER_PATHS = NO;
				CLANG_ANALYZER_NONNULL = YES;
				CLANG_ANALYZER_NUMBER_OBJECT_CONVERSION = YES_AGGRESSIVE;
				CLANG_CXX_LANGUAGE_STANDARD = "gnu++14";
				CLANG_CXX_LIBRARY = "libc++";
				CLANG_ENABLE_MODULES = YES;
				CLANG_ENABLE_OBJC_ARC = YES;
				CLANG_ENABLE_OBJC_WEAK = YES;
				CLANG_WARN_BLOCK_CAPTURE_AUTORELEASING = YES;
				CLANG_WARN_BOOL_CONVERSION = YES;
				CLANG_WARN_COMMA = YES;
				CLANG_WARN_CONSTANT_CONVERSION = YES;
				CLANG_WARN_DEPRECATED_OBJC_IMPLEMENTATIONS = YES;
				CLANG_WARN_DIRECT_OBJC_ISA_USAGE = YES_ERROR;
				CLANG_WARN_DOCUMENTATION_COMMENTS = YES;
				CLANG_WARN_EMPTY_BODY = YES;
				CLANG_WARN_ENUM_CONVERSION = YES;
				CLANG_WARN_INFINITE_RECURSION = YES;
				CLANG_WARN_INT_CONVERSION = YES;
				CLANG_WARN_NON_LITERAL_NULL_CONVERSION = YES;
				CLANG_WARN_OBJC_IMPLICIT_RETAIN_SELF = YES;
				CLANG_WARN_OBJC_LITERAL_CONVERSION = YES;
				CLANG_WARN_OBJC_ROOT_CLASS = YES_ERROR;
				CLANG_WARN_RANGE_LOOP_ANALYSIS = YES;
				CLANG_WARN_STRICT_PROTOTYPES = YES;
				CLANG_WARN_SUSPICIOUS_MOVE = YES;
				CLANG_WARN_UNGUARDED_AVAILABILITY = YES_AGGRESSIVE;
				CLANG_WARN_UNREACHABLE_CODE = YES;
				CLANG_WARN__DUPLICATE_METHOD_MATCH = YES;
				COPY_PHASE_STRIP = NO;
				DEBUG_INFORMATION_FORMAT = "dwarf-with-dsym";
				ENABLE_NS_ASSERTIONS = NO;
				ENABLE_STRICT_OBJC_MSGSEND = YES;
				GCC_C_LANGUAGE_STANDARD = gnu11;
				GCC_NO_COMMON_BLOCKS = YES;
				GCC_WARN_64_TO_32_BIT_CONVERSION = YES;
				GCC_WARN_ABOUT_RETURN_TYPE = YES_ERROR;
				GCC_WARN_UNDECLARED_SELECTOR = YES;
				GCC_WARN_UNINITIALIZED_AUTOS = YES_AGGRESSIVE;
				GCC_WARN_UNUSED_FUNCTION = YES;
				GCC_WARN_UNUSED_VARIABLE = YES;
				IPHONEOS_DEPLOYMENT_TARGET = 13.2;
				MTL_ENABLE_DEBUG_INFO = NO;
				MTL_FAST_MATH = YES;
				SDKROOT = iphoneos;
				SWIFT_COMPILATION_MODE = wholemodule;
				SWIFT_OPTIMIZATION_LEVEL = "-O";
				VALIDATE_PRODUCT = YES;
			};
			name = Release;
		};
		9BA9B2C8237B89CC004EB07E /* Debug */ = {
			isa = XCBuildConfiguration;
			buildSettings = {
				ASSETCATALOG_COMPILER_APPICON_NAME = AppIcon;
				CODE_SIGN_STYLE = Automatic;
				INFOPLIST_FILE = Harmanpreet_C0765590_gpaApp/Info.plist;
				LD_RUNPATH_SEARCH_PATHS = (
					"$(inherited)",
					"@executable_path/Frameworks",
				);
				PRODUCT_BUNDLE_IDENTIFIER = "CestarCollege.Harmanpreet-C0765590-gpaApp";
				PRODUCT_NAME = "$(TARGET_NAME)";
				SWIFT_VERSION = 5.0;
				TARGETED_DEVICE_FAMILY = "1,2";
			};
			name = Debug;
		};
		9BA9B2C9237B89CC004EB07E /* Release */ = {
			isa = XCBuildConfiguration;
			buildSettings = {
				ASSETCATALOG_COMPILER_APPICON_NAME = AppIcon;
				CODE_SIGN_STYLE = Automatic;
				INFOPLIST_FILE = Harmanpreet_C0765590_gpaApp/Info.plist;
				LD_RUNPATH_SEARCH_PATHS = (
					"$(inherited)",
					"@executable_path/Frameworks",
				);
				PRODUCT_BUNDLE_IDENTIFIER = "CestarCollege.Harmanpreet-C0765590-gpaApp";
				PRODUCT_NAME = "$(TARGET_NAME)";
				SWIFT_VERSION = 5.0;
				TARGETED_DEVICE_FAMILY = "1,2";
			};
			name = Release;
		};
/* End XCBuildConfiguration section */

/* Begin XCConfigurationList section */
		9BA9B2AE237B89CB004EB07E /* Build configuration list for PBXProject "Harmanpreet_C0765590_gpaApp" */ = {
			isa = XCConfigurationList;
			buildConfigurations = (
				9BA9B2C5237B89CC004EB07E /* Debug */,
				9BA9B2C6237B89CC004EB07E /* Release */,
			);
			defaultConfigurationIsVisible = 0;
			defaultConfigurationName = Release;
		};
		9BA9B2C7237B89CC004EB07E /* Build configuration list for PBXNativeTarget "Harmanpreet_C0765590_gpaApp" */ = {
			isa = XCConfigurationList;
			buildConfigurations = (
				9BA9B2C8237B89CC004EB07E /* Debug */,
				9BA9B2C9237B89CC004EB07E /* Release */,
			);
			defaultConfigurationIsVisible = 0;
			defaultConfigurationName = Release;
		};
/* End XCConfigurationList section */
	};
	rootObject = 9BA9B2AB237B89CB004EB07E /* Project object */;
}
